
Microsoft Visual Studio Solution File, Format Version 12.00
# Visual Studio 2012
Project("{8BC9CEB8-8B4A-11D0-8D11-00A0C91BC942}") = "Lab1a", "Lab1a\Lab1a.vcxproj", "{C059AA84-8E3B-44E4-8F27-8536C394A978}"
EndProject
Global
	GlobalSection(SolutionConfigurationPlatforms) = preSolution
		Debug|Win32 = Debug|Win32
		Release|Win32 = Release|Win32
	EndGlobalSection
	GlobalSection(ProjectConfigurationPlatforms) = postSolution
		{C059AA84-8E3B-44E4-8F27-8536C394A978}.Debug|Win32.ActiveCfg = Debug|Win32
		{C059AA84-8E3B-44E4-8F27-8536C394A978}.Debug|Win32.Build.0 = Debug|Win32
		{C059AA84-8E3B-44E4-8F27-8536C394A978}.Release|Win32.ActiveCfg = Release|Win32
		{C059AA84-8E3B-44E4-8F27-8536C394A978}.Release|Win32.Build.0 = Release|Win32
	EndGlobalSection
	GlobalSection(SolutionProperties) = preSolution
		HideSolutionNode = FALSE
	EndGlobalSection
EndGlobal
